
Microsoft Visual Studio Solution File, Format Version 11.00
# Visual Studio 2010
Project("{FAE04EC0-301F-11D3-BF4B-00C04F79EFBC}") = "Assembly-CSharp", "Assembly-CSharp.csproj", "{C05FE36A-262B-F749-C7A3-7CDB5CD81295}"
EndProject
Project("{FAE04EC0-301F-11D3-BF4B-00C04F79EFBC}") = "Assembly-CSharp-Editor", "Assembly-CSharp-Editor.csproj", "{BA510862-45F8-3230-08B0-32C4CFB5B958}"
EndProject
Global
	GlobalSection(SolutionConfigurationPlatforms) = preSolution
		Debug|Any CPU = Debug|Any CPU
		Release|Any CPU = Release|Any CPU
	EndGlobalSection
	GlobalSection(ProjectConfigurationPlatforms) = postSolution
		{C05FE36A-262B-F749-C7A3-7CDB5CD81295}.Debug|Any CPU.ActiveCfg = Debug|Any CPU
		{C05FE36A-262B-F749-C7A3-7CDB5CD81295}.Debug|Any CPU.Build.0 = Debug|Any CPU
		{C05FE36A-262B-F749-C7A3-7CDB5CD81295}.Release|Any CPU.ActiveCfg = Release|Any CPU
		{C05FE36A-262B-F749-C7A3-7CDB5CD81295}.Release|Any CPU.Build.0 = Release|Any CPU
		{BA510862-45F8-3230-08B0-32C4CFB5B958}.Debug|Any CPU.ActiveCfg = Debug|Any CPU
		{BA510862-45F8-3230-08B0-32C4CFB5B958}.Debug|Any CPU.Build.0 = Debug|Any CPU
		{BA510862-45F8-3230-08B0-32C4CFB5B958}.Release|Any CPU.ActiveCfg = Release|Any CPU
		{BA510862-45F8-3230-08B0-32C4CFB5B958}.Release|Any CPU.Build.0 = Release|Any CPU
	EndGlobalSection
	GlobalSection(SolutionProperties) = preSolution
		HideSolutionNode = FALSE
	EndGlobalSection
	GlobalSection(MonoDevelopProperties) = preSolution
		StartupItem = Assembly-CSharp.csproj
	EndGlobalSection
EndGlobal
